PODS:
  - JCore-ui (0.3.5):
    - JCore-ui/JCButton (= 0.3.5)
  - JCore-ui/JCButton (0.3.5)

DEPENDENCIES:
  - JCore-ui (from `../`)

EXTERNAL SOURCES:
  JCore-ui:
    :path: ../

SPEC CHECKSUMS:
  JCore-ui: b2806bd97a2b164716d8f2bd334411ca8601e50c

PODFILE CHECKSUM: 54016283ddc823ff9bd7ce46cac8607d18bec579

COCOAPODS: 1.4.0
