// !$*UTF8*$!
{
	archiveVersion = 1;
	classes = {
	};
	objectVersion = 48;
	objects = {

/* Begin PBXBuildFile section */
		6BF3F7CC20901B8A002AE70B /* AppDelegate.swift in Sources */ = {isa = PBXBuildFile; fileRef = 6BF3F7CB20901B8A002AE70B /* AppDelegate.swift */; };
		6BF3F7CE20901B8A002AE70B /* ViewController.swift in Sources */ = {isa = PBXBuildFile; fileRef = 6BF3F7CD20901B8A002AE70B /* ViewController.swift */; };
		6BF3F7D120901B8A002AE70B /* Main.storyboard in Resources */ = {isa = PBXBuildFile; fileRef = 6BF3F7CF20901B8A002AE70B /* Main.storyboard */; };
		6BF3F7D320901B8A002AE70B /* Assets.xcassets in Resources */ = {isa = PBXBuildFile; fileRef = 6BF3F7D220901B8A002AE70B /* Assets.xcassets */; };
		6BF3F7D620901B8A002AE70B /* LaunchScreen.storyboard in Resources */ = {isa = PBXBuildFile; fileRef = 6BF3F7D420901B8A002AE70B /* LaunchScreen.storyboard */; };
		6BF3F7E120901B8A002AE70B /* JCore_uiTests.swift in Sources */ = {isa = PBXBuildFile; fileRef = 6BF3F7E020901B8A002AE70B /* JCore_uiTests.swift */; };
		6BF3F7EC20901B8A002AE70B /* JCore_uiUITests.swift in Sources */ = {isa = PBXBuildFile; fileRef = 6BF3F7EB20901B8A002AE70B /* JCore_uiUITests.swift */; };
/* End PBXBuildFile section */

/* Begin PBXContainerItemProxy section */
		6BF3F7DD20901B8A002AE70B /* PBXContainerItemProxy */ = {
			isa = PBXContainerItemProxy;
			containerPortal = 6BF3F7C020901B8A002AE70B /* Project object */;
			proxyType = 1;
			remoteGlobalIDString = 6BF3F7C720901B8A002AE70B;
			remoteInfo = "JCore-ui";
		};
		6BF3F7E820901B8A002AE70B /* PBXContainerItemProxy */ = {
			isa = PBXContainerItemProxy;
			containerPortal = 6BF3F7C020901B8A002AE70B /* Project object */;
			proxyType = 1;
			remoteGlobalIDString = 6BF3F7C720901B8A002AE70B;
			remoteInfo = "JCore-ui";
		};
/* End PBXContainerItemProxy section */

/* Begin PBXFileReference section */
		6BF3F7C820901B8A002AE70B /* JCore-ui.app */ = {isa = PBXFileReference; explicitFileType = wrapper.application; includeInIndex = 0; path = "JCore-ui.app"; sourceTree = BUILT_PRODUCTS_DIR; };
		6BF3F7CB20901B8A002AE70B /* AppDelegate.swift */ = {isa = PBXFileReference; lastKnownFileType = sourcecode.swift; path = AppDelegate.swift; sourceTree = "<group>"; };
		6BF3F7CD20901B8A002AE70B /* ViewController.swift */ = {isa = PBXFileReference; lastKnownFileType = sourcecode.swift; path = ViewController.swift; sourceTree = "<group>"; };
		6BF3F7D020901B8A002AE70B /* Base */ = {isa = PBXFileReference; lastKnownFileType = file.storyboard; name = Base; path = Base.lproj/Main.storyboard; sourceTree = "<group>"; };
		6BF3F7D220901B8A002AE70B /* Assets.xcassets */ = {isa = PBXFileReference; lastKnownFileType = folder.assetcatalog; path = Assets.xcassets; sourceTree = "<group>"; };
		6BF3F7D520901B8A002AE70B /* Base */ = {isa = PBXFileReference; lastKnownFileType = file.storyboard; name = Base; path = Base.lproj/LaunchScreen.storyboard; sourceTree = "<group>"; };
		6BF3F7D720901B8A002AE70B /* Info.plist */ = {isa = PBXFileReference; lastKnownFileType = text.plist.xml; path = Info.plist; sourceTree = "<group>"; };
		6BF3F7DC20901B8A002AE70B /* JCore-uiTests.xctest */ = {isa = PBXFileReference; explicitFileType = wrapper.cfbundle; includeInIndex = 0; path = "JCore-uiTests.xctest"; sourceTree = BUILT_PRODUCTS_DIR; };
		6BF3F7E020901B8A002AE70B /* JCore_uiTests.swift */ = {isa = PBXFileReference; lastKnownFileType = sourcecode.swift; path = JCore_uiTests.swift; sourceTree = "<group>"; };
		6BF3F7E220901B8A002AE70B /* Info.plist */ = {isa = PBXFileReference; lastKnownFileType = text.plist.xml; path = Info.plist; sourceTree = "<group>"; };
		6BF3F7E720901B8A002AE70B /* JCore-uiUITests.xctest */ = {isa = PBXFileReference; explicitFileType = wrapper.cfbundle; includeInIndex = 0; path = "JCore-uiUITests.xctest"; sourceTree = BUILT_PRODUCTS_DIR; };
		6BF3F7EB20901B8A002AE70B /* JCore_uiUITests.swift */ = {isa = PBXFileReference; lastKnownFileType = sourcecode.swift; path = JCore_uiUITests.swift; sourceTree = "<group>"; };
		6BF3F7ED20901B8A002AE70B /* Info.plist */ = {isa = PBXFileReference; lastKnownFileType = text.plist.xml; path = Info.plist; sourceTree = "<group>"; };
/* End PBXFileReference section */

/* Begin PBXFrameworksBuildPhase section */
		6BF3F7C520901B8A002AE70B /* Frameworks */ = {
			isa = PBXFrameworksBuildPhase;
			buildActionMask = 2147483647;
			files = (
			);
			runOnlyForDeploymentPostprocessing = 0;
		};
		6BF3F7D920901B8A002AE70B /* Frameworks */ = {
			isa = PBXFrameworksBuildPhase;
			buildActionMask = 2147483647;
			files = (
			);
			runOnlyForDeploymentPostprocessing = 0;
		};
		6BF3F7E420901B8A002AE70B /* Frameworks */ = {
			isa = PBXFrameworksBuildPhase;
			buildActionMask = 2147483647;
			files = (
			);
			runOnlyForDeploymentPostprocessing = 0;
		};
/* End PBXFrameworksBuildPhase section */

/* Begin PBXGroup section */
		6BF3F7BF20901B8A002AE70B = {
			isa = PBXGroup;
			children = (
				6BF3F7CA20901B8A002AE70B /* JCore-ui */,
				6BF3F7DF20901B8A002AE70B /* JCore-uiTests */,
				6BF3F7EA20901B8A002AE70B /* JCore-uiUITests */,
				6BF3F7C920901B8A002AE70B /* Products */,
			);
			sourceTree = "<group>";
		};
		6BF3F7C920901B8A002AE70B /* Products */ = {
			isa = PBXGroup;
			children = (
				6BF3F7C820901B8A002AE70B /* JCore-ui.app */,
				6BF3F7DC20901B8A002AE70B /* JCore-uiTests.xctest */,
				6BF3F7E720901B8A002AE70B /* JCore-uiUITests.xctest */,
			);
			name = Products;
			sourceTree = "<group>";
		};
		6BF3F7CA20901B8A002AE70B /* JCore-ui */ = {
			isa = PBXGroup;
			children = (
				6BF3F7CB20901B8A002AE70B /* AppDelegate.swift */,
				6BF3F7CD20901B8A002AE70B /* ViewController.swift */,
				6BF3F7CF20901B8A002AE70B /* Main.storyboard */,
				6BF3F7D220901B8A002AE70B /* Assets.xcassets */,
				6BF3F7D420901B8A002AE70B /* LaunchScreen.storyboard */,
				6BF3F7D720901B8A002AE70B /* Info.plist */,
			);
			path = "JCore-ui";
			sourceTree = "<group>";
		};
		6BF3F7DF20901B8A002AE70B /* JCore-uiTests */ = {
			isa = PBXGroup;
			children = (
				6BF3F7E020901B8A002AE70B /* JCore_uiTests.swift */,
				6BF3F7E220901B8A002AE70B /* Info.plist */,
			);
			path = "JCore-uiTests";
			sourceTree = "<group>";
		};
		6BF3F7EA20901B8A002AE70B /* JCore-uiUITests */ = {
			isa = PBXGroup;
			children = (
				6BF3F7EB20901B8A002AE70B /* JCore_uiUITests.swift */,
				6BF3F7ED20901B8A002AE70B /* Info.plist */,
			);
			path = "JCore-uiUITests";
			sourceTree = "<group>";
		};
/* End PBXGroup section */

/* Begin PBXNativeTarget section */
		6BF3F7C720901B8A002AE70B /* JCore-ui */ = {
			isa = PBXNativeTarget;
			buildConfigurationList = 6BF3F7F020901B8A002AE70B /* Build configuration list for PBXNativeTarget "JCore-ui" */;
			buildPhases = (
				6BF3F7C420901B8A002AE70B /* Sources */,
				6BF3F7C520901B8A002AE70B /* Frameworks */,
				6BF3F7C620901B8A002AE70B /* Resources */,
			);
			buildRules = (
			);
			dependencies = (
			);
			name = "JCore-ui";
			productName = "JCore-ui";
			productReference = 6BF3F7C820901B8A002AE70B /* JCore-ui.app */;
			productType = "com.apple.product-type.application";
		};
		6BF3F7DB20901B8A002AE70B /* JCore-uiTests */ = {
			isa = PBXNativeTarget;
			buildConfigurationList = 6BF3F7F320901B8A002AE70B /* Build configuration list for PBXNativeTarget "JCore-uiTests" */;
			buildPhases = (
				6BF3F7D820901B8A002AE70B /* Sources */,
				6BF3F7D920901B8A002AE70B /* Frameworks */,
				6BF3F7DA20901B8A002AE70B /* Resources */,
			);
			buildRules = (
			);
			dependencies = (
				6BF3F7DE20901B8A002AE70B /* PBXTargetDependency */,
			);
			name = "JCore-uiTests";
			productName = "JCore-uiTests";
			productReference = 6BF3F7DC20901B8A002AE70B /* JCore-uiTests.xctest */;
			productType = "com.apple.product-type.bundle.unit-test";
		};
		6BF3F7E620901B8A002AE70B /* JCore-uiUITests */ = {
			isa = PBXNativeTarget;
			buildConfigurationList = 6BF3F7F620901B8A002AE70B /* Build configuration list for PBXNativeTarget "JCore-uiUITests" */;
			buildPhases = (
				6BF3F7E320901B8A002AE70B /* Sources */,
				6BF3F7E420901B8A002AE70B /* Frameworks */,
				6BF3F7E520901B8A002AE70B /* Resources */,
			);
			buildRules = (
			);
			dependencies = (
				6BF3F7E920901B8A002AE70B /* PBXTargetDependency */,
			);
			name = "JCore-uiUITests";
			productName = "JCore-uiUITests";
			productReference = 6BF3F7E720901B8A002AE70B /* JCore-uiUITests.xctest */;
			productType = "com.apple.product-type.bundle.ui-testing";
		};
/* End PBXNativeTarget section */

/* Begin PBXProject section */
		6BF3F7C020901B8A002AE70B /* Project object */ = {
			isa = PBXProject;
			attributes = {
				LastSwiftUpdateCheck = 0920;
				LastUpgradeCheck = 0920;
				ORGANIZATIONNAME = "Josue Hernandez Gonzalez";
				TargetAttributes = {
					6BF3F7C720901B8A002AE70B = {
						CreatedOnToolsVersion = 9.2;
						ProvisioningStyle = Automatic;
					};
					6BF3F7DB20901B8A002AE70B = {
						CreatedOnToolsVersion = 9.2;
						ProvisioningStyle = Automatic;
						TestTargetID = 6BF3F7C720901B8A002AE70B;
					};
					6BF3F7E620901B8A002AE70B = {
						CreatedOnToolsVersion = 9.2;
						ProvisioningStyle = Automatic;
						TestTargetID = 6BF3F7C720901B8A002AE70B;
					};
				};
			};
			buildConfigurationList = 6BF3F7C320901B8A002AE70B /* Build configuration list for PBXProject "JCore-ui" */;
			compatibilityVersion = "Xcode 8.0";
			developmentRegion = en;
			hasScannedForEncodings = 0;
			knownRegions = (
				en,
				Base,
			);
			mainGroup = 6BF3F7BF20901B8A002AE70B;
			productRefGroup = 6BF3F7C920901B8A002AE70B /* Products */;
			projectDirPath = "";
			projectRoot = "";
			targets = (
				6BF3F7C720901B8A002AE70B /* JCore-ui */,
				6BF3F7DB20901B8A002AE70B /* JCore-uiTests */,
				6BF3F7E620901B8A002AE70B /* JCore-uiUITests */,
			);
		};
/* End PBXProject section */

/* Begin PBXResourcesBuildPhase section */
		6BF3F7C620901B8A002AE70B /* Resources */ = {
			isa = PBXResourcesBuildPhase;
			buildActionMask = 2147483647;
			files = (
				6BF3F7D620901B8A002AE70B /* LaunchScreen.storyboard in Resources */,
				6BF3F7D320901B8A002AE70B /* Assets.xcassets in Resources */,
				6BF3F7D120901B8A002AE70B /* Main.storyboard in Resources */,
			);
			runOnlyForDeploymentPostprocessing = 0;
		};
		6BF3F7DA20901B8A002AE70B /* Resources */ = {
			isa = PBXResourcesBuildPhase;
			buildActionMask = 2147483647;
			files = (
			);
			runOnlyForDeploymentPostprocessing = 0;
		};
		6BF3F7E520901B8A002AE70B /* Resources */ = {
			isa = PBXResourcesBuildPhase;
			buildActionMask = 2147483647;
			files = (
			);
			runOnlyForDeploymentPostprocessing = 0;
		};
/* End PBXResourcesBuildPhase section */

/* Begin PBXSourcesBuildPhase section */
		6BF3F7C420901B8A002AE70B /* Sources */ = {
			isa = PBXSourcesBuildPhase;
			buildActionMask = 2147483647;
			files = (
				6BF3F7CE20901B8A002AE70B /* ViewController.swift in Sources */,
				6BF3F7CC20901B8A002AE70B /* AppDelegate.swift in Sources */,
			);
			runOnlyForDeploymentPostprocessing = 0;
		};
		6BF3F7D820901B8A002AE70B /* Sources */ = {
			isa = PBXSourcesBuildPhase;
			buildActionMask = 2147483647;
			files = (
				6BF3F7E120901B8A002AE70B /* JCore_uiTests.swift in Sources */,
			);
			runOnlyForDeploymentPostprocessing = 0;
		};
		6BF3F7E320901B8A002AE70B /* Sources */ = {
			isa = PBXSourcesBuildPhase;
			buildActionMask = 2147483647;
			files = (
				6BF3F7EC20901B8A002AE70B /* JCore_uiUITests.swift in Sources */,
			);
			runOnlyForDeploymentPostprocessing = 0;
		};
/* End PBXSourcesBuildPhase section */

/* Begin PBXTargetDependency section */
		6BF3F7DE20901B8A002AE70B /* PBXTargetDependency */ = {
			isa = PBXTargetDependency;
			target = 6BF3F7C720901B8A002AE70B /* JCore-ui */;
			targetProxy = 6BF3F7DD20901B8A002AE70B /* PBXContainerItemProxy */;
		};
		6BF3F7E920901B8A002AE70B /* PBXTargetDependency */ = {
			isa = PBXTargetDependency;
			target = 6BF3F7C720901B8A002AE70B /* JCore-ui */;
			targetProxy = 6BF3F7E820901B8A002AE70B /* PBXContainerItemProxy */;
		};
/* End PBXTargetDependency section */

/* Begin PBXVariantGroup section */
		6BF3F7CF20901B8A002AE70B /* Main.storyboard */ = {
			isa = PBXVariantGroup;
			children = (
				6BF3F7D020901B8A002AE70B /* Base */,
			);
			name = Main.storyboard;
			sourceTree = "<group>";
		};
		6BF3F7D420901B8A002AE70B /* LaunchScreen.storyboard */ = {
			isa = PBXVariantGroup;
			children = (
				6BF3F7D520901B8A002AE70B /* Base */,
			);
			name = LaunchScreen.storyboard;
			sourceTree = "<group>";
		};
/* End PBXVariantGroup section */

/* Begin XCBuildConfiguration section */
		6BF3F7EE20901B8A002AE70B /* Debug */ = {
			isa = XCBuildConfiguration;
			buildSettings = {
				ALWAYS_SEARCH_USER_PATHS = NO;
				CLANG_ANALYZER_NONNULL = YES;
				CLANG_ANALYZER_NUMBER_OBJECT_CONVERSION = YES_AGGRESSIVE;
				CLANG_CXX_LANGUAGE_STANDARD = "gnu++14";
				CLANG_CXX_LIBRARY = "libc++";
				CLANG_ENABLE_MODULES = YES;
				CLANG_ENABLE_OBJC_ARC = YES;
				CLANG_WARN_BLOCK_CAPTURE_AUTORELEASING = YES;
				CLANG_WARN_BOOL_CONVERSION = YES;
				CLANG_WARN_COMMA = YES;
				CLANG_WARN_CONSTANT_CONVERSION = YES;
				CLANG_WARN_DIRECT_OBJC_ISA_USAGE = YES_ERROR;
				CLANG_WARN_DOCUMENTATION_COMMENTS = YES;
				CLANG_WARN_EMPTY_BODY = YES;
				CLANG_WARN_ENUM_CONVERSION = YES;
				CLANG_WARN_INFINITE_RECURSION = YES;
				CLANG_WARN_INT_CONVERSION = YES;
				CLANG_WARN_NON_LITERAL_NULL_CONVERSION = YES;
				CLANG_WARN_OBJC_LITERAL_CONVERSION = YES;
				CLANG_WARN_OBJC_ROOT_CLASS = YES_ERROR;
				CLANG_WARN_RANGE_LOOP_ANALYSIS = YES;
				CLANG_WARN_STRICT_PROTOTYPES = YES;
				CLANG_WARN_SUSPICIOUS_MOVE = YES;
				CLANG_WARN_UNGUARDED_AVAILABILITY = YES_AGGRESSIVE;
				CLANG_WARN_UNREACHABLE_CODE = YES;
				CLANG_WARN__DUPLICATE_METHOD_MATCH = YES;
				CODE_SIGN_IDENTITY = "iPhone Developer";
				COPY_PHASE_STRIP = NO;
				DEBUG_INFORMATION_FORMAT = dwarf;
				ENABLE_STRICT_OBJC_MSGSEND = YES;
				ENABLE_TESTABILITY = YES;
				GCC_C_LANGUAGE_STANDARD = gnu11;
				GCC_DYNAMIC_NO_PIC = NO;
				GCC_NO_COMMON_BLOCKS = YES;
				GCC_OPTIMIZATION_LEVEL = 0;
				GCC_PREPROCESSOR_DEFINITIONS = (
					"DEBUG=1",
					"$(inherited)",
				);
				GCC_WARN_64_TO_32_BIT_CONVERSION = YES;
				GCC_WARN_ABOUT_RETURN_TYPE = YES_ERROR;
				GCC_WARN_UNDECLARED_SELECTOR = YES;
				GCC_WARN_UNINITIALIZED_AUTOS = YES_AGGRESSIVE;
				GCC_WARN_UNUSED_FUNCTION = YES;
				GCC_WARN_UNUSED_VARIABLE = YES;
				IPHONEOS_DEPLOYMENT_TARGET = 11.2;
				MTL_ENABLE_DEBUG_INFO = YES;
				ONLY_ACTIVE_ARCH = YES;
				SDKROOT = iphoneos;
				SWIFT_ACTIVE_COMPILATION_CONDITIONS = DEBUG;
				SWIFT_OPTIMIZATION_LEVEL = "-Onone";
			};
			name = Debug;
		};
		6BF3F7EF20901B8A002AE70B /* Release */ = {
			isa = XCBuildConfiguration;
			buildSettings = {
				ALWAYS_SEARCH_USER_PATHS = NO;
				CLANG_ANALYZER_NONNULL = YES;
				CLANG_ANALYZER_NUMBER_OBJECT_CONVERSION = YES_AGGRESSIVE;
				CLANG_CXX_LANGUAGE_STANDARD = "gnu++14";
				CLANG_CXX_LIBRARY = "libc++";
				CLANG_ENABLE_MODULES = YES;
				CLANG_ENABLE_OBJC_ARC = YES;
				CLANG_WARN_BLOCK_CAPTURE_AUTORELEASING = YES;
				CLANG_WARN_BOOL_CONVERSION = YES;
				CLANG_WARN_COMMA = YES;
				CLANG_WARN_CONSTANT_CONVERSION = YES;
				CLANG_WARN_DIRECT_OBJC_ISA_USAGE = YES_ERROR;
				CLANG_WARN_DOCUMENTATION_COMMENTS = YES;
				CLANG_WARN_EMPTY_BODY = YES;
				CLANG_WARN_ENUM_CONVERSION = YES;
				CLANG_WARN_INFINITE_RECURSION = YES;
				CLANG_WARN_INT_CONVERSION = YES;
				CLANG_WARN_NON_LITERAL_NULL_CONVERSION = YES;
				CLANG_WARN_OBJC_LITERAL_CONVERSION = YES;
				CLANG_WARN_OBJC_ROOT_CLASS = YES_ERROR;
				CLANG_WARN_RANGE_LOOP_ANALYSIS = YES;
				CLANG_WARN_STRICT_PROTOTYPES = YES;
				CLANG_WARN_SUSPICIOUS_MOVE = YES;
				CLANG_WARN_UNGUARDED_AVAILABILITY = YES_AGGRESSIVE;
				CLANG_WARN_UNREACHABLE_CODE = YES;
				CLANG_WARN__DUPLICATE_METHOD_MATCH = YES;
				CODE_SIGN_IDENTITY = "iPhone Developer";
				COPY_PHASE_STRIP = NO;
				DEBUG_INFORMATION_FORMAT = "dwarf-with-dsym";
				ENABLE_NS_ASSERTIONS = NO;
				ENABLE_STRICT_OBJC_MSGSEND = YES;
				GCC_C_LANGUAGE_STANDARD = gnu11;
				GCC_NO_COMMON_BLOCKS = YES;
				GCC_WARN_64_TO_32_BIT_CONVERSION = YES;
				GCC_WARN_ABOUT_RETURN_TYPE = YES_ERROR;
				GCC_WARN_UNDECLARED_SELECTOR = YES;
				GCC_WARN_UNINITIALIZED_AUTOS = YES_AGGRESSIVE;
				GCC_WARN_UNUSED_FUNCTION = YES;
				GCC_WARN_UNUSED_VARIABLE = YES;
				IPHONEOS_DEPLOYMENT_TARGET = 11.2;
				MTL_ENABLE_DEBUG_INFO = NO;
				SDKROOT = iphoneos;
				SWIFT_OPTIMIZATION_LEVEL = "-Owholemodule";
				VALIDATE_PRODUCT = YES;
			};
			name = Release;
		};
		6BF3F7F120901B8A002AE70B /* Debug */ = {
			isa = XCBuildConfiguration;
			buildSettings = {
				ASSETCATALOG_COMPILER_APPICON_NAME = AppIcon;
				CODE_SIGN_STYLE = Automatic;
				INFOPLIST_FILE = "JCore-ui/Info.plist";
				LD_RUNPATH_SEARCH_PATHS = "$(inherited) @executable_path/Frameworks";
				PRODUCT_BUNDLE_IDENTIFIER = "jcore.JCore-ui";
				PRODUCT_NAME = "$(TARGET_NAME)";
				SWIFT_VERSION = 4.0;
				TARGETED_DEVICE_FAMILY = "1,2";
			};
			name = Debug;
		};
		6BF3F7F220901B8A002AE70B /* Release */ = {
			isa = XCBuildConfiguration;
			buildSettings = {
				ASSETCATALOG_COMPILER_APPICON_NAME = AppIcon;
				CODE_SIGN_STYLE = Automatic;
				INFOPLIST_FILE = "JCore-ui/Info.plist";
				LD_RUNPATH_SEARCH_PATHS = "$(inherited) @executable_path/Frameworks";
				PRODUCT_BUNDLE_IDENTIFIER = "jcore.JCore-ui";
				PRODUCT_NAME = "$(TARGET_NAME)";
				SWIFT_VERSION = 4.0;
				TARGETED_DEVICE_FAMILY = "1,2";
			};
			name = Release;
		};
		6BF3F7F420901B8A002AE70B /* Debug */ = {
			isa = XCBuildConfiguration;
			buildSettings = {
				ALWAYS_EMBED_SWIFT_STANDARD_LIBRARIES = YES;
				BUNDLE_LOADER = "$(TEST_HOST)";
				CODE_SIGN_STYLE = Automatic;
				INFOPLIST_FILE = "JCore-uiTests/Info.plist";
				LD_RUNPATH_SEARCH_PATHS = "$(inherited) @executable_path/Frameworks @loader_path/Frameworks";
				PRODUCT_BUNDLE_IDENTIFIER = "jcore.JCore-uiTests";
				PRODUCT_NAME = "$(TARGET_NAME)";
				SWIFT_VERSION = 4.0;
				TARGETED_DEVICE_FAMILY = "1,2";
				TEST_HOST = "$(BUILT_PRODUCTS_DIR)/JCore-ui.app/JCore-ui";
			};
			name = Debug;
		};
		6BF3F7F520901B8A002AE70B /* Release */ = {
			isa = XCBuildConfiguration;
			buildSettings = {
				ALWAYS_EMBED_SWIFT_STANDARD_LIBRARIES = YES;
				BUNDLE_LOADER = "$(TEST_HOST)";
				CODE_SIGN_STYLE = Automatic;
				INFOPLIST_FILE = "JCore-uiTests/Info.plist";
				LD_RUNPATH_SEARCH_PATHS = "$(inherited) @executable_path/Frameworks @loader_path/Frameworks";
				PRODUCT_BUNDLE_IDENTIFIER = "jcore.JCore-uiTests";
				PRODUCT_NAME = "$(TARGET_NAME)";
				SWIFT_VERSION = 4.0;
				TARGETED_DEVICE_FAMILY = "1,2";
				TEST_HOST = "$(BUILT_PRODUCTS_DIR)/JCore-ui.app/JCore-ui";
			};
			name = Release;
		};
		6BF3F7F720901B8A002AE70B /* Debug */ = {
			isa = XCBuildConfiguration;
			buildSettings = {
				ALWAYS_EMBED_SWIFT_STANDARD_LIBRARIES = YES;
				CODE_SIGN_STYLE = Automatic;
				INFOPLIST_FILE = "JCore-uiUITests/Info.plist";
				LD_RUNPATH_SEARCH_PATHS = "$(inherited) @executable_path/Frameworks @loader_path/Frameworks";
				PRODUCT_BUNDLE_IDENTIFIER = "jcore.JCore-uiUITests";
				PRODUCT_NAME = "$(TARGET_NAME)";
				SWIFT_VERSION = 4.0;
				TARGETED_DEVICE_FAMILY = "1,2";
				TEST_TARGET_NAME = "JCore-ui";
			};
			name = Debug;
		};
		6BF3F7F820901B8A002AE70B /* Release */ = {
			isa = XCBuildConfiguration;
			buildSettings = {
				ALWAYS_EMBED_SWIFT_STANDARD_LIBRARIES = YES;
				CODE_SIGN_STYLE = Automatic;
				INFOPLIST_FILE = "JCore-uiUITests/Info.plist";
				LD_RUNPATH_SEARCH_PATHS = "$(inherited) @executable_path/Frameworks @loader_path/Frameworks";
				PRODUCT_BUNDLE_IDENTIFIER = "jcore.JCore-uiUITests";
				PRODUCT_NAME = "$(TARGET_NAME)";
				SWIFT_VERSION = 4.0;
				TARGETED_DEVICE_FAMILY = "1,2";
				TEST_TARGET_NAME = "JCore-ui";
			};
			name = Release;
		};
/* End XCBuildConfiguration section */

/* Begin XCConfigurationList section */
		6BF3F7C320901B8A002AE70B /* Build configuration list for PBXProject "JCore-ui" */ = {
			isa = XCConfigurationList;
			buildConfigurations = (
				6BF3F7EE20901B8A002AE70B /* Debug */,
				6BF3F7EF20901B8A002AE70B /* Release */,
			);
			defaultConfigurationIsVisible = 0;
			defaultConfigurationName = Release;
		};
		6BF3F7F020901B8A002AE70B /* Build configuration list for PBXNativeTarget "JCore-ui" */ = {
			isa = XCConfigurationList;
			buildConfigurations = (
				6BF3F7F120901B8A002AE70B /* Debug */,
				6BF3F7F220901B8A002AE70B /* Release */,
			);
			defaultConfigurationIsVisible = 0;
			defaultConfigurationName = Release;
		};
		6BF3F7F320901B8A002AE70B /* Build configuration list for PBXNativeTarget "JCore-uiTests" */ = {
			isa = XCConfigurationList;
			buildConfigurations = (
				6BF3F7F420901B8A002AE70B /* Debug */,
				6BF3F7F520901B8A002AE70B /* Release */,
			);
			defaultConfigurationIsVisible = 0;
			defaultConfigurationName = Release;
		};
		6BF3F7F620901B8A002AE70B /* Build configuration list for PBXNativeTarget "JCore-uiUITests" */ = {
			isa = XCConfigurationList;
			buildConfigurations = (
				6BF3F7F720901B8A002AE70B /* Debug */,
				6BF3F7F820901B8A002AE70B /* Release */,
			);
			defaultConfigurationIsVisible = 0;
			defaultConfigurationName = Release;
		};
/* End XCConfigurationList section */
	};
	rootObject = 6BF3F7C020901B8A002AE70B /* Project object */;
}
